{
  "version": "5",
  "specifiers": {
    "jsr:@optique/core@^1.1.0": "1.1.0",
    "jsr:@optique/man@^1.1.0": "1.1.0",
    "jsr:@optique/run@^1.1.0": "1.1.0",
    "jsr:@std/assert@^1.0.19": "1.0.19",
    "jsr:@std/cli@^1.0.30": "1.0.30",
    "jsr:@std/collections@^1.1.3": "1.2.0",
    "jsr:@std/data-structures@^1.1.0": "1.1.0",
    "jsr:@std/datetime@~0.225.7": "0.225.7",
    "jsr:@std/fmt@^1.0.10": "1.0.10",
    "jsr:@std/fs@^1.0.24": "1.0.24",
    "jsr:@std/internal@^1.0.12": "1.0.14",
    "jsr:@std/internal@^1.0.14": "1.0.14",
    "jsr:@std/json@^1.0.2": "1.0.2",
    "jsr:@std/jsonc@^1.0.2": "1.0.2",
    "jsr:@std/path@^1.1.5": "1.1.5",
    "jsr:@std/semver@1.0.8": "1.0.8",
    "jsr:@std/testing@^1.0.19": "1.0.19",
    "jsr:@std/toml@^1.0.11": "1.0.11",
    "jsr:@std/yaml@1.1.1": "1.1.1",
    "jsr:@zakahacecosas/entity-utils@^1.0.1": "1.0.1",
    "jsr:@zakahacecosas/string-utils@^4.1.0": "4.1.0",
    "npm:@particle/dbus-next@~0.11.4": "0.11.4",
    "npm:@types/node@*": "22.15.3",
    "npm:tsx@^4.21.0": "4.21.0"
  },
  "jsr": {
    "@optique/core@1.1.0": {
      "integrity": "f864b1918415fd2a94c0b8ee6a31b6e6faeb2a972e6e75f0be4cf2d201e3fcf4"
    },
    "@optique/man@1.1.0": {
      "integrity": "6c50018921b8d9ab6e39877e687712de53d0df07f27be719976b18d94ad995f6",
      "dependencies": [
        "jsr:@optique/core",
        "jsr:@optique/run",
        "npm:tsx"
      ]
    },
    "@optique/run@1.1.0": {
      "integrity": "4773919cde888d4b35dc8e34a3e87fab544ab9d00c7d5312de5a77b230a0cffe",
      "dependencies": [
        "jsr:@optique/core"
      ]
    },
    "@std/assert@1.0.19": {
      "integrity": "eaada96ee120cb980bc47e040f82814d786fe8162ecc53c91d8df60b8755991e",
      "dependencies": [
        "jsr:@std/internal@^1.0.12"
      ]
    },
    "@std/cli@1.0.30": {
      "integrity": "769446536522d0417d7127ebcabcafac1ab0ce6766d0eb3fca1d36326fe98d13",
      "dependencies": [
        "jsr:@std/fmt",
        "jsr:@std/internal@^1.0.14"
      ]
    },
    "@std/collections@1.1.1": {
      "integrity": "eff6443fbd9d5a6697018fb39c5d13d5f662f0045f21392d640693d0008ab2af"
    },
    "@std/collections@1.1.3": {
      "integrity": "bf8b0818886df6a32b64c7d3b037a425111f28278d69fd0995aeb62777c986b0"
    },
    "@std/collections@1.1.7": {
      "integrity": "56f659d011218a69740b12829cf5ea2c9b70bbed0af02597e27dc1eb5e69e208"
    },
    "@std/collections@1.2.0": {
      "integrity": "47627a21d3a13138b77fd0e4d790ba9d2e603c3510b686cde6b132fe9aa98a88"
    },
    "@std/data-structures@1.1.0": {
      "integrity": "c35ae4ad5d8e41a38573c2fe3e19b18ea2505f63cfea201edcb8720aca1f7f58"
    },
    "@std/datetime@0.225.7": {
      "integrity": "e62c6c454a0ecfc2918fe41e7a621e0f334a6f82605e98fd32eb1e6371999328"
    },
    "@std/fmt@1.0.10": {
      "integrity": "90dfba288802ac6de82fb31d0917eb9e4450b9925b954d5e51fc29ac07419db5"
    },
    "@std/fs@1.0.24": {
      "integrity": "f3061b45b81673a2bece689da041df32d174be064c89eb6397fb5718d3fb7877",
      "dependencies": [
        "jsr:@std/internal@^1.0.14",
        "jsr:@std/path"
      ]
    },
    "@std/internal@1.0.6": {
      "integrity": "9533b128f230f73bd209408bb07a4b12f8d4255ab2a4d22a1fd6d87304aca9a4"
    },
    "@std/internal@1.0.7": {
      "integrity": "39eeb5265190a7bc5d5591c9ff019490bd1f2c3907c044a11b0d545796158a0f"
    },
    "@std/internal@1.0.8": {
      "integrity": "fc66e846d8d38a47cffd274d80d2ca3f0de71040f855783724bb6b87f60891f5"
    },
    "@std/internal@1.0.14": {
      "integrity": "291516b3d4c35024d6ffbc0a9df5bf4c64116e05b50012cf846710152d2ffdf7"
    },
    "@std/json@1.0.2": {
      "integrity": "d9e5497801c15fb679f55a2c01c7794ad7a5dfda4dd1bebab5e409cb5e0d34d4"
    },
    "@std/jsonc@1.0.2": {
      "integrity": "909605dae3af22bd75b1cbda8d64a32cf1fd2cf6efa3f9e224aba6d22c0f44c7",
      "dependencies": [
        "jsr:@std/json"
      ]
    },
    "@std/path@1.1.5": {
      "integrity": "ccea00982ea28c36becaf6e62f855406c76a8c32d462f66f415bbb7d83a271bc",
      "dependencies": [
        "jsr:@std/internal@^1.0.14"
      ]
    },
    "@std/semver@1.0.8": {
      "integrity": "dc830e8b8b6a380c895d53fbfd1258dc253704ca57bbe1629ac65fd7830179b7"
    },
    "@std/testing@1.0.19": {
      "integrity": "f4236172365b216728dc3cc8b5e80a9f4c33083d1e4ede7613d5b25b4014898e",
      "dependencies": [
        "jsr:@std/assert",
        "jsr:@std/data-structures",
        "jsr:@std/fs",
        "jsr:@std/internal@^1.0.14",
        "jsr:@std/path"
      ]
    },
    "@std/toml@1.0.11": {
      "integrity": "e084988b872ca4bad6aedfb7350f6eeed0e8ba88e9ee5e1590621c5b5bb8f715",
      "dependencies": [
        "jsr:@std/collections"
      ]
    },
    "@std/yaml@1.1.1": {
      "integrity": "a57665ecf3d17b926380593a56625d8a10cc7281802f1e993b5ebc94a48e71f8"
    },
    "@zakahacecosas/entity-utils@1.0.1": {
      "integrity": "f8b4689b90fc32d952f6687e9b72fe5b951803bdf01121401759d12d6e824dfa"
    },
    "@zakahacecosas/string-utils@4.1.0": {
      "integrity": "1a85cf72d1553be830f4bc5343a4d3431093148cd11bc091cda982f3fddd4e3c"
    }
  },
  "npm": {
    "@esbuild/aix-ppc64@0.27.7": {
      "integrity": "sha512-EKX3Qwmhz1eMdEJokhALr0YiD0lhQNwDqkPYyPhiSwKrh7/4KRjQc04sZ8db+5DVVnZ1LmbNDI1uAMPEUBnQPg==",
      "os": ["aix"],
      "cpu": ["ppc64"]
    },
    "@esbuild/android-arm64@0.27.7": {
      "integrity": "sha512-62dPZHpIXzvChfvfLJow3q5dDtiNMkwiRzPylSCfriLvZeq0a1bWChrGx/BbUbPwOrsWKMn8idSllklzBy+dgQ==",
      "os": ["android"],
      "cpu": ["arm64"]
    },
    "@esbuild/android-arm@0.27.7": {
      "integrity": "sha512-jbPXvB4Yj2yBV7HUfE2KHe4GJX51QplCN1pGbYjvsyCZbQmies29EoJbkEc+vYuU5o45AfQn37vZlyXy4YJ8RQ==",
      "os": ["android"],
      "cpu": ["arm"]
    },
    "@esbuild/android-x64@0.27.7": {
      "integrity": "sha512-x5VpMODneVDb70PYV2VQOmIUUiBtY3D3mPBG8NxVk5CogneYhkR7MmM3yR/uMdITLrC1ml/NV1rj4bMJuy9MCg==",
      "os": ["android"],
      "cpu": ["x64"]
    },
    "@esbuild/darwin-arm64@0.27.7": {
      "integrity": "sha512-5lckdqeuBPlKUwvoCXIgI2D9/ABmPq3Rdp7IfL70393YgaASt7tbju3Ac+ePVi3KDH6N2RqePfHnXkaDtY9fkw==",
      "os": ["darwin"],
      "cpu": ["arm64"]
    },
    "@esbuild/darwin-x64@0.27.7": {
      "integrity": "sha512-rYnXrKcXuT7Z+WL5K980jVFdvVKhCHhUwid+dDYQpH+qu+TefcomiMAJpIiC2EM3Rjtq0sO3StMV/+3w3MyyqQ==",
      "os": ["darwin"],
      "cpu": ["x64"]
    },
    "@esbuild/freebsd-arm64@0.27.7": {
      "integrity": "sha512-B48PqeCsEgOtzME2GbNM2roU29AMTuOIN91dsMO30t+Ydis3z/3Ngoj5hhnsOSSwNzS+6JppqWsuhTp6E82l2w==",
      "os": ["freebsd"],
      "cpu": ["arm64"]
    },
    "@esbuild/freebsd-x64@0.27.7": {
      "integrity": "sha512-jOBDK5XEjA4m5IJK3bpAQF9/Lelu/Z9ZcdhTRLf4cajlB+8VEhFFRjWgfy3M1O4rO2GQ/b2dLwCUGpiF/eATNQ==",
      "os": ["freebsd"],
      "cpu": ["x64"]
    },
    "@esbuild/linux-arm64@0.27.7": {
      "integrity": "sha512-RZPHBoxXuNnPQO9rvjh5jdkRmVizktkT7TCDkDmQ0W2SwHInKCAV95GRuvdSvA7w4VMwfCjUiPwDi0ZO6Nfe9A==",
      "os": ["linux"],
      "cpu": ["arm64"]
    },
    "@esbuild/linux-arm@0.27.7": {
      "integrity": "sha512-RkT/YXYBTSULo3+af8Ib0ykH8u2MBh57o7q/DAs3lTJlyVQkgQvlrPTnjIzzRPQyavxtPtfg0EopvDyIt0j1rA==",
      "os": ["linux"],
      "cpu": ["arm"]
    },
    "@esbuild/linux-ia32@0.27.7": {
      "integrity": "sha512-GA48aKNkyQDbd3KtkplYWT102C5sn/EZTY4XROkxONgruHPU72l+gW+FfF8tf2cFjeHaRbWpOYa/uRBz/Xq1Pg==",
      "os": ["linux"],
      "cpu": ["ia32"]
    },
    "@esbuild/linux-loong64@0.27.7": {
      "integrity": "sha512-a4POruNM2oWsD4WKvBSEKGIiWQF8fZOAsycHOt6JBpZ+JN2n2JH9WAv56SOyu9X5IqAjqSIPTaJkqN8F7XOQ5Q==",
      "os": ["linux"],
      "cpu": ["loong64"]
    },
    "@esbuild/linux-mips64el@0.27.7": {
      "integrity": "sha512-KabT5I6StirGfIz0FMgl1I+R1H73Gp0ofL9A3nG3i/cYFJzKHhouBV5VWK1CSgKvVaG4q1RNpCTR2LuTVB3fIw==",
      "os": ["linux"],
      "cpu": ["mips64el"]
    },
    "@esbuild/linux-ppc64@0.27.7": {
      "integrity": "sha512-gRsL4x6wsGHGRqhtI+ifpN/vpOFTQtnbsupUF5R5YTAg+y/lKelYR1hXbnBdzDjGbMYjVJLJTd2OFmMewAgwlQ==",
      "os": ["linux"],
      "cpu": ["ppc64"]
    },
    "@esbuild/linux-riscv64@0.27.7": {
      "integrity": "sha512-hL25LbxO1QOngGzu2U5xeXtxXcW+/GvMN3ejANqXkxZ/opySAZMrc+9LY/WyjAan41unrR3YrmtTsUpwT66InQ==",
      "os": ["linux"],
      "cpu": ["riscv64"]
    },
    "@esbuild/linux-s390x@0.27.7": {
      "integrity": "sha512-2k8go8Ycu1Kb46vEelhu1vqEP+UeRVj2zY1pSuPdgvbd5ykAw82Lrro28vXUrRmzEsUV0NzCf54yARIK8r0fdw==",
      "os": ["linux"],
      "cpu": ["s390x"]
    },
    "@esbuild/linux-x64@0.27.7": {
      "integrity": "sha512-hzznmADPt+OmsYzw1EE33ccA+HPdIqiCRq7cQeL1Jlq2gb1+OyWBkMCrYGBJ+sxVzve2ZJEVeePbLM2iEIZSxA==",
      "os": ["linux"],
      "cpu": ["x64"]
    },
    "@esbuild/netbsd-arm64@0.27.7": {
      "integrity": "sha512-b6pqtrQdigZBwZxAn1UpazEisvwaIDvdbMbmrly7cDTMFnw/+3lVxxCTGOrkPVnsYIosJJXAsILG9XcQS+Yu6w==",
      "os": ["netbsd"],
      "cpu": ["arm64"]
    },
    "@esbuild/netbsd-x64@0.27.7": {
      "integrity": "sha512-OfatkLojr6U+WN5EDYuoQhtM+1xco+/6FSzJJnuWiUw5eVcicbyK3dq5EeV/QHT1uy6GoDhGbFpprUiHUYggrw==",
      "os": ["netbsd"],
      "cpu": ["x64"]
    },
    "@esbuild/openbsd-arm64@0.27.7": {
      "integrity": "sha512-AFuojMQTxAz75Fo8idVcqoQWEHIXFRbOc1TrVcFSgCZtQfSdc1RXgB3tjOn/krRHENUB4j00bfGjyl2mJrU37A==",
      "os": ["openbsd"],
      "cpu": ["arm64"]
    },
    "@esbuild/openbsd-x64@0.27.7": {
      "integrity": "sha512-+A1NJmfM8WNDv5CLVQYJ5PshuRm/4cI6WMZRg1by1GwPIQPCTs1GLEUHwiiQGT5zDdyLiRM/l1G0Pv54gvtKIg==",
      "os": ["openbsd"],
      "cpu": ["x64"]
    },
    "@esbuild/openharmony-arm64@0.27.7": {
      "integrity": "sha512-+KrvYb/C8zA9CU/g0sR6w2RBw7IGc5J2BPnc3dYc5VJxHCSF1yNMxTV5LQ7GuKteQXZtspjFbiuW5/dOj7H4Yw==",
      "os": ["openharmony"],
      "cpu": ["arm64"]
    },
    "@esbuild/sunos-x64@0.27.7": {
      "integrity": "sha512-ikktIhFBzQNt/QDyOL580ti9+5mL/YZeUPKU2ivGtGjdTYoqz6jObj6nOMfhASpS4GU4Q/Clh1QtxWAvcYKamA==",
      "os": ["sunos"],
      "cpu": ["x64"]
    },
    "@esbuild/win32-arm64@0.27.7": {
      "integrity": "sha512-7yRhbHvPqSpRUV7Q20VuDwbjW5kIMwTHpptuUzV+AA46kiPze5Z7qgt6CLCK3pWFrHeNfDd1VKgyP4O+ng17CA==",
      "os": ["win32"],
      "cpu": ["arm64"]
    },
    "@esbuild/win32-ia32@0.27.7": {
      "integrity": "sha512-SmwKXe6VHIyZYbBLJrhOoCJRB/Z1tckzmgTLfFYOfpMAx63BJEaL9ExI8x7v0oAO3Zh6D/Oi1gVxEYr5oUCFhw==",
      "os": ["win32"],
      "cpu": ["ia32"]
    },
    "@esbuild/win32-x64@0.27.7": {
      "integrity": "sha512-56hiAJPhwQ1R4i+21FVF7V8kSD5zZTdHcVuRFMW0hn753vVfQN8xlx4uOPT4xoGH0Z/oVATuR82AiqSTDIpaHg==",
      "os": ["win32"],
      "cpu": ["x64"]
    },
    "@nornagon/put@0.0.8": {
      "integrity": "sha512-ugvXJjwF5ldtUpa7D95kruNJ41yFQDEKyF5CW4TgKJnh+W/zmlBzXXeKTyqIgwMFrkePN2JqOBqcF0M0oOunow=="
    },
    "@particle/dbus-next@0.11.4": {
      "integrity": "sha512-oJsiPMMYA+DlVbaVV1Ab3xRiurlGtAxdaGvLrIHOjPSyyVvsq3NNMwarF0pvxUnzSwo9t+Hwt69I96ZfRjro0Q==",
      "dependencies": [
        "@nornagon/put",
        "event-stream",
        "jsbi",
        "long",
        "safe-buffer",
        "xml2js"
      ]
    },
    "@types/node@22.15.3": {
      "integrity": "sha512-lX7HFZeHf4QG/J7tBZqrCAXwz9J5RD56Y6MpP0eJkka8p+K0RY/yBTW7CYFJ4VGCclxqOLKmiGP5juQc6MKgcw==",
      "dependencies": [
        "undici-types"
      ]
    },
    "duplexer@0.1.2": {
      "integrity": "sha512-jtD6YG370ZCIi/9GTaJKQxWTZD045+4R4hTk/x1UyoqadyJ9x9CgSi1RlVDQF8U2sxLLSnFkCaMihqljHIWgMg=="
    },
    "esbuild@0.27.7": {
      "integrity": "sha512-IxpibTjyVnmrIQo5aqNpCgoACA/dTKLTlhMHihVHhdkxKyPO1uBBthumT0rdHmcsk9uMonIWS0m4FljWzILh3w==",
      "optionalDependencies": [
        "@esbuild/aix-ppc64",
        "@esbuild/android-arm",
        "@esbuild/android-arm64",
        "@esbuild/android-x64",
        "@esbuild/darwin-arm64",
        "@esbuild/darwin-x64",
        "@esbuild/freebsd-arm64",
        "@esbuild/freebsd-x64",
        "@esbuild/linux-arm",
        "@esbuild/linux-arm64",
        "@esbuild/linux-ia32",
        "@esbuild/linux-loong64",
        "@esbuild/linux-mips64el",
        "@esbuild/linux-ppc64",
        "@esbuild/linux-riscv64",
        "@esbuild/linux-s390x",
        "@esbuild/linux-x64",
        "@esbuild/netbsd-arm64",
        "@esbuild/netbsd-x64",
        "@esbuild/openbsd-arm64",
        "@esbuild/openbsd-x64",
        "@esbuild/openharmony-arm64",
        "@esbuild/sunos-x64",
        "@esbuild/win32-arm64",
        "@esbuild/win32-ia32",
        "@esbuild/win32-x64"
      ],
      "scripts": true,
      "bin": true
    },
    "event-stream@4.0.1": {
      "integrity": "sha512-qACXdu/9VHPBzcyhdOWR5/IahhGMf0roTeZJfzz077GwylcDd90yOHLouhmv7GJ5XzPi6ekaQWd8AvPP2nOvpA==",
      "dependencies": [
        "duplexer",
        "from",
        "map-stream",
        "pause-stream",
        "split",
        "stream-combiner",
        "through"
      ]
    },
    "from@0.1.7": {
      "integrity": "sha512-twe20eF1OxVxp/ML/kq2p1uc6KvFK/+vs8WjEbeKmV2He22MKm7YF2ANIt+EOqhJ5L3K/SuuPhk0hWQDjOM23g=="
    },
    "fsevents@2.3.3": {
      "integrity": "sha512-5xoDfX+fL7faATnagmWPpbFtwh/R77WmMMqqHGS65C3vvB0YHrgF+B1YmZ3441tMj5n63k0212XNoJwzlhffQw==",
      "os": ["darwin"],
      "scripts": true
    },
    "get-tsconfig@4.14.0": {
      "integrity": "sha512-yTb+8DXzDREzgvYmh6s9vHsSVCHeC0G3PI5bEXNBHtmshPnO+S5O7qgLEOn0I5QvMy6kpZN8K1NKGyilLb93wA==",
      "dependencies": [
        "resolve-pkg-maps"
      ]
    },
    "jsbi@4.3.2": {
      "integrity": "sha512-9fqMSQbhJykSeii05nxKl4m6Eqn2P6rOlYiS+C5Dr/HPIU/7yZxu5qzbs40tgaFORiw2Amd0mirjxatXYMkIew=="
    },
    "long@4.0.0": {
      "integrity": "sha512-XsP+KhQif4bjX1kbuSiySJFNAehNxgLb6hPRGJ9QsUr8ajHkuXGdrHmFUTUUXhDwVX2R5bY4JNZEwbUiMhV+MA=="
    },
    "map-stream@0.0.7": {
      "integrity": "sha512-C0X0KQmGm3N2ftbTGBhSyuydQ+vV1LC3f3zPvT3RXHXNZrvfPZcoXp/N5DOa8vedX/rTMm2CjTtivFg2STJMRQ=="
    },
    "pause-stream@0.0.11": {
      "integrity": "sha512-e3FBlXLmN/D1S+zHzanP4E/4Z60oFAa3O051qt1pxa7DEJWKAyil6upYVXCWadEnuoqa4Pkc9oUx9zsxYeRv8A==",
      "dependencies": [
        "through"
      ]
    },
    "resolve-pkg-maps@1.0.0": {
      "integrity": "sha512-seS2Tj26TBVOC2NIc2rOe2y2ZO7efxITtLZcGSOnHHNOQ7CkiUBfw0Iw2ck6xkIhPwLhKNLS8BO+hEpngQlqzw=="
    },
    "safe-buffer@5.2.1": {
      "integrity": "sha512-rp3So07KcdmmKbGvgaNxQSJr7bGVSVk5S9Eq1F+ppbRo70+YeaDxkw5Dd8NPN+GD6bjnYm2VuPuCXmpuYvmCXQ=="
    },
    "sax@1.4.4": {
      "integrity": "sha512-1n3r/tGXO6b6VXMdFT54SHzT9ytu9yr7TaELowdYpMqY/Ao7EnlQGmAQ1+RatX7Tkkdm6hONI2owqNx2aZj5Sw=="
    },
    "split@1.0.1": {
      "integrity": "sha512-mTyOoPbrivtXnwnIxZRFYRrPNtEFKlpB2fvjSnCQUiAA6qAZzqwna5envK4uk6OIeP17CsdF3rSBGYVBsU0Tkg==",
      "dependencies": [
        "through"
      ]
    },
    "stream-combiner@0.2.2": {
      "integrity": "sha512-6yHMqgLYDzQDcAkL+tjJDC5nSNuNIx0vZtRZeiPh7Saef7VHX9H5Ijn9l2VIol2zaNYlYEX6KyuT/237A58qEQ==",
      "dependencies": [
        "duplexer",
        "through"
      ]
    },
    "through@2.3.8": {
      "integrity": "sha512-w89qg7PI8wAdvX60bMDP+bFoD5Dvhm9oLheFp5O4a2QF0cSBGsBX4qZmadPMvVqlLJBBci+WqGGOAPvcDeNSVg=="
    },
    "tsx@4.21.0": {
      "integrity": "sha512-5C1sg4USs1lfG0GFb2RLXsdpXqBSEhAaA/0kPL01wxzpMqLILNxIxIOKiILz+cdg/pLnOUxFYOR5yhHU666wbw==",
      "dependencies": [
        "esbuild",
        "get-tsconfig"
      ],
      "optionalDependencies": [
        "fsevents"
      ],
      "bin": true
    },
    "undici-types@6.21.0": {
      "integrity": "sha512-iwDZqg0QAGrg9Rav5H4n0M64c3mkR59cJ6wQp+7C4nI0gsmExaedaYLNO44eT4AtBBwjbTiGPMlt2Md0T9H9JQ=="
    },
    "xml2js@0.6.2": {
      "integrity": "sha512-T4rieHaC1EXcES0Kxxj4JWgaUQHDk+qwHcYOCFHfiwKz7tOVPLq7Hjq9dM1WCMhylqMEfP7hMcOIChvotiZegA==",
      "dependencies": [
        "sax",
        "xmlbuilder"
      ]
    },
    "xmlbuilder@11.0.1": {
      "integrity": "sha512-fDlsI/kFEx7gLvbecc0/ohLG50fugQp8ryHzMTuW9vSa1GJ0XYWKnhsUx7oie3G98+r56aTQIUB4kht42R3JvA=="
    }
  },
  "workspace": {
    "dependencies": [
      "jsr:@optique/core@^1.1.0",
      "jsr:@optique/man@^1.1.0",
      "jsr:@optique/run@^1.1.0",
      "jsr:@std/assert@^1.0.19",
      "jsr:@std/cli@^1.0.30",
      "jsr:@std/datetime@~0.225.7",
      "jsr:@std/fmt@^1.0.10",
      "jsr:@std/fs@^1.0.24",
      "jsr:@std/jsonc@^1.0.2",
      "jsr:@std/path@^1.1.5",
      "jsr:@std/semver@1.0.8",
      "jsr:@std/testing@^1.0.19",
      "jsr:@std/toml@^1.0.11",
      "jsr:@std/yaml@1.1.1",
      "jsr:@zakahacecosas/entity-utils@^1.0.1",
      "jsr:@zakahacecosas/string-utils@^4.1.0",
      "npm:@particle/dbus-next@~0.11.4"
    ]
  }
}
